// !$*UTF8*$!
{
	archiveVersion = 1;
	classes = {
	};
	objectVersion = 50;
	objects = {

/* Begin PBXBuildFile section */
		BBD838612A9C368F002E58A7 /* AppDelegate.swift in Sources */ = {isa = PBXBuildFile; fileRef = BBD838602A9C368F002E58A7 /* AppDelegate.swift */; };
		BBD838652A9C368F002E58A7 /* ViewController.swift in Sources */ = {isa = PBXBuildFile; fileRef = BBD838642A9C368F002E58A7 /* ViewController.swift */; };
		BBD838682A9C368F002E58A7 /* Main.storyboard in Resources */ = {isa = PBXBuildFile; fileRef = BBD838662A9C368F002E58A7 /* Main.storyboard */; };
		BBD8386A2A9C3693002E58A7 /* Assets.xcassets in Resources */ = {isa = PBXBuildFile; fileRef = BBD838692A9C3693002E58A7 /* Assets.xcassets */; };
		BBD8386D2A9C3693002E58A7 /* LaunchScreen.storyboard in Resources */ = {isa = PBXBuildFile; fileRef = BBD8386B2A9C3693002E58A7 /* LaunchScreen.storyboard */; };
		BBD838772A9C82C9002E58A7 /* Users.swift in Sources */ = {isa = PBXBuildFile; fileRef = BBD838762A9C82C9002E58A7 /* Users.swift */; };
		BBD8387A2A9C82FF002E58A7 /* UserListCell.swift in Sources */ = {isa = PBXBuildFile; fileRef = BBD838782A9C82FF002E58A7 /* UserListCell.swift */; };
		BBD8387B2A9C82FF002E58A7 /* UserListCell.xib in Resources */ = {isa = PBXBuildFile; fileRef = BBD838792A9C82FF002E58A7 /* UserListCell.xib */; };
		BBD8387D2A9C8679002E58A7 /* ConfigCell.swift in Sources */ = {isa = PBXBuildFile; fileRef = BBD8387C2A9C8679002E58A7 /* ConfigCell.swift */; };
		BBD838A02A9DD8A5002E58A7 /* Constant.swift in Sources */ = {isa = PBXBuildFile; fileRef = BBD8389F2A9DD8A5002E58A7 /* Constant.swift */; };
		BBD838A32A9DE62E002E58A7 /* ApiManager.swift in Sources */ = {isa = PBXBuildFile; fileRef = BBD838A22A9DE62E002E58A7 /* ApiManager.swift */; };
		BBD838A52A9EE9AB002E58A7 /* UserList.swift in Sources */ = {isa = PBXBuildFile; fileRef = BBD838A42A9EE9AB002E58A7 /* UserList.swift */; };
		BBD838A72AA036D1002E58A7 /* DetailProfileViewController.swift in Sources */ = {isa = PBXBuildFile; fileRef = BBD838A62AA036D0002E58A7 /* DetailProfileViewController.swift */; };
		BBD838AA2AA04476002E58A7 /* FavoriteUserViewController.swift in Sources */ = {isa = PBXBuildFile; fileRef = BBD838A92AA04476002E58A7 /* FavoriteUserViewController.swift */; };
		BBD838AE2AA072EF002E58A7 /* Repository.swift in Sources */ = {isa = PBXBuildFile; fileRef = BBD838AD2AA072EE002E58A7 /* Repository.swift */; };
/* End PBXBuildFile section */

/* Begin PBXFileReference section */
		BBD8385D2A9C368F002E58A7 /* GCD_homework.app */ = {isa = PBXFileReference; explicitFileType = wrapper.application; includeInIndex = 0; path = GCD_homework.app; sourceTree = BUILT_PRODUCTS_DIR; };
		BBD838602A9C368F002E58A7 /* AppDelegate.swift */ = {isa = PBXFileReference; lastKnownFileType = sourcecode.swift; path = AppDelegate.swift; sourceTree = "<group>"; };
		BBD838642A9C368F002E58A7 /* ViewController.swift */ = {isa = PBXFileReference; lastKnownFileType = sourcecode.swift; path = ViewController.swift; sourceTree = "<group>"; };
		BBD838672A9C368F002E58A7 /* Base */ = {isa = PBXFileReference; lastKnownFileType = file.storyboard; name = Base; path = Base.lproj/Main.storyboard; sourceTree = "<group>"; };
		BBD838692A9C3693002E58A7 /* Assets.xcassets */ = {isa = PBXFileReference; lastKnownFileType = folder.assetcatalog; path = Assets.xcassets; sourceTree = "<group>"; };
		BBD8386C2A9C3693002E58A7 /* Base */ = {isa = PBXFileReference; lastKnownFileType = file.storyboard; name = Base; path = Base.lproj/LaunchScreen.storyboard; sourceTree = "<group>"; };
		BBD8386E2A9C3693002E58A7 /* Info.plist */ = {isa = PBXFileReference; lastKnownFileType = text.plist.xml; path = Info.plist; sourceTree = "<group>"; };
		BBD838762A9C82C9002E58A7 /* Users.swift */ = {isa = PBXFileReference; lastKnownFileType = sourcecode.swift; path = Users.swift; sourceTree = "<group>"; };
		BBD838782A9C82FF002E58A7 /* UserListCell.swift */ = {isa = PBXFileReference; lastKnownFileType = sourcecode.swift; path = UserListCell.swift; sourceTree = "<group>"; };
		BBD838792A9C82FF002E58A7 /* UserListCell.xib */ = {isa = PBXFileReference; lastKnownFileType = file.xib; path = UserListCell.xib; sourceTree = "<group>"; };
		BBD8387C2A9C8679002E58A7 /* ConfigCell.swift */ = {isa = PBXFileReference; lastKnownFileType = sourcecode.swift; path = ConfigCell.swift; sourceTree = "<group>"; };
		BBD8389F2A9DD8A5002E58A7 /* Constant.swift */ = {isa = PBXFileReference; lastKnownFileType = sourcecode.swift; path = Constant.swift; sourceTree = "<group>"; };
		BBD838A22A9DE62E002E58A7 /* ApiManager.swift */ = {isa = PBXFileReference; lastKnownFileType = sourcecode.swift; path = ApiManager.swift; sourceTree = "<group>"; };
		BBD838A42A9EE9AB002E58A7 /* UserList.swift */ = {isa = PBXFileReference; lastKnownFileType = sourcecode.swift; path = UserList.swift; sourceTree = "<group>"; };
		BBD838A62AA036D0002E58A7 /* DetailProfileViewController.swift */ = {isa = PBXFileReference; lastKnownFileType = sourcecode.swift; path = DetailProfileViewController.swift; sourceTree = "<group>"; };
		BBD838A92AA04476002E58A7 /* FavoriteUserViewController.swift */ = {isa = PBXFileReference; lastKnownFileType = sourcecode.swift; path = FavoriteUserViewController.swift; sourceTree = "<group>"; };
		BBD838AD2AA072EE002E58A7 /* Repository.swift */ = {isa = PBXFileReference; lastKnownFileType = sourcecode.swift; path = Repository.swift; sourceTree = "<group>"; };
/* End PBXFileReference section */

/* Begin PBXFrameworksBuildPhase section */
		BBD8385A2A9C368F002E58A7 /* Frameworks */ = {
			isa = PBXFrameworksBuildPhase;
			buildActionMask = 2147483647;
			files = (
			);
			runOnlyForDeploymentPostprocessing = 0;
		};
/* End PBXFrameworksBuildPhase section */

/* Begin PBXGroup section */
		BBD838542A9C368F002E58A7 = {
			isa = PBXGroup;
			children = (
				BBD8385F2A9C368F002E58A7 /* GCD_homework */,
				BBD8385E2A9C368F002E58A7 /* Products */,
			);
			sourceTree = "<group>";
		};
		BBD8385E2A9C368F002E58A7 /* Products */ = {
			isa = PBXGroup;
			children = (
				BBD8385D2A9C368F002E58A7 /* GCD_homework.app */,
			);
			name = Products;
			sourceTree = "<group>";
		};
		BBD8385F2A9C368F002E58A7 /* GCD_homework */ = {
			isa = PBXGroup;
			children = (
				BBD838A82AA0443E002E58A7 /* ViewController */,
				BBD838A12A9DE608002E58A7 /* Api */,
				BBD838602A9C368F002E58A7 /* AppDelegate.swift */,
				BBD8389F2A9DD8A5002E58A7 /* Constant.swift */,
				BBD838662A9C368F002E58A7 /* Main.storyboard */,
				BBD838692A9C3693002E58A7 /* Assets.xcassets */,
				BBD838742A9C82AA002E58A7 /* Models */,
				BBD8386B2A9C3693002E58A7 /* LaunchScreen.storyboard */,
				BBD8386E2A9C3693002E58A7 /* Info.plist */,
				BBD838752A9C82B2002E58A7 /* Cells */,
			);
			path = GCD_homework;
			sourceTree = "<group>";
		};
		BBD838742A9C82AA002E58A7 /* Models */ = {
			isa = PBXGroup;
			children = (
				BBD838762A9C82C9002E58A7 /* Users.swift */,
				BBD838A42A9EE9AB002E58A7 /* UserList.swift */,
				BBD838AD2AA072EE002E58A7 /* Repository.swift */,
			);
			path = Models;
			sourceTree = "<group>";
		};
		BBD838752A9C82B2002E58A7 /* Cells */ = {
			isa = PBXGroup;
			children = (
				BBD838782A9C82FF002E58A7 /* UserListCell.swift */,
				BBD838792A9C82FF002E58A7 /* UserListCell.xib */,
				BBD8387C2A9C8679002E58A7 /* ConfigCell.swift */,
			);
			path = Cells;
			sourceTree = "<group>";
		};
		BBD838A12A9DE608002E58A7 /* Api */ = {
			isa = PBXGroup;
			children = (
				BBD838A22A9DE62E002E58A7 /* ApiManager.swift */,
			);
			path = Api;
			sourceTree = "<group>";
		};
		BBD838A82AA0443E002E58A7 /* ViewController */ = {
			isa = PBXGroup;
			children = (
				BBD838A62AA036D0002E58A7 /* DetailProfileViewController.swift */,
				BBD838642A9C368F002E58A7 /* ViewController.swift */,
				BBD838A92AA04476002E58A7 /* FavoriteUserViewController.swift */,
			);
			path = ViewController;
			sourceTree = "<group>";
		};
/* End PBXGroup section */

/* Begin PBXNativeTarget section */
		BBD8385C2A9C368F002E58A7 /* GCD_homework */ = {
			isa = PBXNativeTarget;
			buildConfigurationList = BBD838712A9C3693002E58A7 /* Build configuration list for PBXNativeTarget "GCD_homework" */;
			buildPhases = (
				BBD838592A9C368F002E58A7 /* Sources */,
				BBD8385A2A9C368F002E58A7 /* Frameworks */,
				BBD8385B2A9C368F002E58A7 /* Resources */,
				BBD8387E2A9CA54F002E58A7 /* ShellScript */,
			);
			buildRules = (
			);
			dependencies = (
			);
			name = GCD_homework;
			productName = GCD_homework;
			productReference = BBD8385D2A9C368F002E58A7 /* GCD_homework.app */;
			productType = "com.apple.product-type.application";
		};
/* End PBXNativeTarget section */

/* Begin PBXProject section */
		BBD838552A9C368F002E58A7 /* Project object */ = {
			isa = PBXProject;
			attributes = {
				LastSwiftUpdateCheck = 1250;
				LastUpgradeCheck = 1250;
				TargetAttributes = {
					BBD8385C2A9C368F002E58A7 = {
						CreatedOnToolsVersion = 12.5;
					};
				};
			};
			buildConfigurationList = BBD838582A9C368F002E58A7 /* Build configuration list for PBXProject "GCD_homework" */;
			compatibilityVersion = "Xcode 9.3";
			developmentRegion = en;
			hasScannedForEncodings = 0;
			knownRegions = (
				en,
				Base,
			);
			mainGroup = BBD838542A9C368F002E58A7;
			productRefGroup = BBD8385E2A9C368F002E58A7 /* Products */;
			projectDirPath = "";
			projectRoot = "";
			targets = (
				BBD8385C2A9C368F002E58A7 /* GCD_homework */,
			);
		};
/* End PBXProject section */

/* Begin PBXResourcesBuildPhase section */
		BBD8385B2A9C368F002E58A7 /* Resources */ = {
			isa = PBXResourcesBuildPhase;
			buildActionMask = 2147483647;
			files = (
				BBD8387B2A9C82FF002E58A7 /* UserListCell.xib in Resources */,
				BBD8386D2A9C3693002E58A7 /* LaunchScreen.storyboard in Resources */,
				BBD8386A2A9C3693002E58A7 /* Assets.xcassets in Resources */,
				BBD838682A9C368F002E58A7 /* Main.storyboard in Resources */,
			);
			runOnlyForDeploymentPostprocessing = 0;
		};
/* End PBXResourcesBuildPhase section */

/* Begin PBXShellScriptBuildPhase section */
		BBD8387E2A9CA54F002E58A7 /* ShellScript */ = {
			isa = PBXShellScriptBuildPhase;
			buildActionMask = 2147483647;
			files = (
			);
			inputFileListPaths = (
			);
			inputPaths = (
			);
			outputFileListPaths = (
			);
			outputPaths = (
			);
			runOnlyForDeploymentPostprocessing = 0;
			shellPath = /bin/sh;
			shellScript = "if which swiftlint >/dev/null; then\n  swiftlint\nelse\n  echo \"warning: SwiftLint not installed, download from https://github.com/realm/SwiftLint\"\nfi\n";
		};
/* End PBXShellScriptBuildPhase section */

/* Begin PBXSourcesBuildPhase section */
		BBD838592A9C368F002E58A7 /* Sources */ = {
			isa = PBXSourcesBuildPhase;
			buildActionMask = 2147483647;
			files = (
				BBD838A72AA036D1002E58A7 /* DetailProfileViewController.swift in Sources */,
				BBD8387A2A9C82FF002E58A7 /* UserListCell.swift in Sources */,
				BBD838652A9C368F002E58A7 /* ViewController.swift in Sources */,
				BBD8387D2A9C8679002E58A7 /* ConfigCell.swift in Sources */,
				BBD838A32A9DE62E002E58A7 /* ApiManager.swift in Sources */,
				BBD838AE2AA072EF002E58A7 /* Repository.swift in Sources */,
				BBD838A52A9EE9AB002E58A7 /* UserList.swift in Sources */,
				BBD838772A9C82C9002E58A7 /* Users.swift in Sources */,
				BBD838612A9C368F002E58A7 /* AppDelegate.swift in Sources */,
				BBD838AA2AA04476002E58A7 /* FavoriteUserViewController.swift in Sources */,
				BBD838A02A9DD8A5002E58A7 /* Constant.swift in Sources */,
			);
			runOnlyForDeploymentPostprocessing = 0;
		};
/* End PBXSourcesBuildPhase section */

/* Begin PBXVariantGroup section */
		BBD838662A9C368F002E58A7 /* Main.storyboard */ = {
			isa = PBXVariantGroup;
			children = (
				BBD838672A9C368F002E58A7 /* Base */,
			);
			name = Main.storyboard;
			sourceTree = "<group>";
		};
		BBD8386B2A9C3693002E58A7 /* LaunchScreen.storyboard */ = {
			isa = PBXVariantGroup;
			children = (
				BBD8386C2A9C3693002E58A7 /* Base */,
			);
			name = LaunchScreen.storyboard;
			sourceTree = "<group>";
		};
/* End PBXVariantGroup section */

/* Begin XCBuildConfiguration section */
		BBD8386F2A9C3693002E58A7 /* Debug */ = {
			isa = XCBuildConfiguration;
			buildSettings = {
				ALWAYS_SEARCH_USER_PATHS = NO;
				CLANG_ANALYZER_NONNULL = YES;
				CLANG_ANALYZER_NUMBER_OBJECT_CONVERSION = YES_AGGRESSIVE;
				CLANG_CXX_LANGUAGE_STANDARD = "gnu++14";
				CLANG_CXX_LIBRARY = "libc++";
				CLANG_ENABLE_MODULES = YES;
				CLANG_ENABLE_OBJC_ARC = YES;
				CLANG_ENABLE_OBJC_WEAK = YES;
				CLANG_WARN_BLOCK_CAPTURE_AUTORELEASING = YES;
				CLANG_WARN_BOOL_CONVERSION = YES;
				CLANG_WARN_COMMA = YES;
				CLANG_WARN_CONSTANT_CONVERSION = YES;
				CLANG_WARN_DEPRECATED_OBJC_IMPLEMENTATIONS = YES;
				CLANG_WARN_DIRECT_OBJC_ISA_USAGE = YES_ERROR;
				CLANG_WARN_DOCUMENTATION_COMMENTS = YES;
				CLANG_WARN_EMPTY_BODY = YES;
				CLANG_WARN_ENUM_CONVERSION = YES;
				CLANG_WARN_INFINITE_RECURSION = YES;
				CLANG_WARN_INT_CONVERSION = YES;
				CLANG_WARN_NON_LITERAL_NULL_CONVERSION = YES;
				CLANG_WARN_OBJC_IMPLICIT_RETAIN_SELF = YES;
				CLANG_WARN_OBJC_LITERAL_CONVERSION = YES;
				CLANG_WARN_OBJC_ROOT_CLASS = YES_ERROR;
				CLANG_WARN_QUOTED_INCLUDE_IN_FRAMEWORK_HEADER = YES;
				CLANG_WARN_RANGE_LOOP_ANALYSIS = YES;
				CLANG_WARN_STRICT_PROTOTYPES = YES;
				CLANG_WARN_SUSPICIOUS_MOVE = YES;
				CLANG_WARN_UNGUARDED_AVAILABILITY = YES_AGGRESSIVE;
				CLANG_WARN_UNREACHABLE_CODE = YES;
				CLANG_WARN__DUPLICATE_METHOD_MATCH = YES;
				COPY_PHASE_STRIP = NO;
				DEBUG_INFORMATION_FORMAT = dwarf;
				ENABLE_STRICT_OBJC_MSGSEND = YES;
				ENABLE_TESTABILITY = YES;
				GCC_C_LANGUAGE_STANDARD = gnu11;
				GCC_DYNAMIC_NO_PIC = NO;
				GCC_NO_COMMON_BLOCKS = YES;
				GCC_OPTIMIZATION_LEVEL = 0;
				GCC_PREPROCESSOR_DEFINITIONS = (
					"DEBUG=1",
					"$(inherited)",
				);
				GCC_WARN_64_TO_32_BIT_CONVERSION = YES;
				GCC_WARN_ABOUT_RETURN_TYPE = YES_ERROR;
				GCC_WARN_UNDECLARED_SELECTOR = YES;
				GCC_WARN_UNINITIALIZED_AUTOS = YES_AGGRESSIVE;
				GCC_WARN_UNUSED_FUNCTION = YES;
				GCC_WARN_UNUSED_VARIABLE = YES;
				IPHONEOS_DEPLOYMENT_TARGET = 14.5;
				MTL_ENABLE_DEBUG_INFO = INCLUDE_SOURCE;
				MTL_FAST_MATH = YES;
				ONLY_ACTIVE_ARCH = YES;
				SDKROOT = iphoneos;
				SWIFT_ACTIVE_COMPILATION_CONDITIONS = DEBUG;
				SWIFT_OPTIMIZATION_LEVEL = "-Onone";
			};
			name = Debug;
		};
		BBD838702A9C3693002E58A7 /* Release */ = {
			isa = XCBuildConfiguration;
			buildSettings = {
				ALWAYS_SEARCH_USER_PATHS = NO;
				CLANG_ANALYZER_NONNULL = YES;
				CLANG_ANALYZER_NUMBER_OBJECT_CONVERSION = YES_AGGRESSIVE;
				CLANG_CXX_LANGUAGE_STANDARD = "gnu++14";
				CLANG_CXX_LIBRARY = "libc++";
				CLANG_ENABLE_MODULES = YES;
				CLANG_ENABLE_OBJC_ARC = YES;
				CLANG_ENABLE_OBJC_WEAK = YES;
				CLANG_WARN_BLOCK_CAPTURE_AUTORELEASING = YES;
				CLANG_WARN_BOOL_CONVERSION = YES;
				CLANG_WARN_COMMA = YES;
				CLANG_WARN_CONSTANT_CONVERSION = YES;
				CLANG_WARN_DEPRECATED_OBJC_IMPLEMENTATIONS = YES;
				CLANG_WARN_DIRECT_OBJC_ISA_USAGE = YES_ERROR;
				CLANG_WARN_DOCUMENTATION_COMMENTS = YES;
				CLANG_WARN_EMPTY_BODY = YES;
				CLANG_WARN_ENUM_CONVERSION = YES;
				CLANG_WARN_INFINITE_RECURSION = YES;
				CLANG_WARN_INT_CONVERSION = YES;
				CLANG_WARN_NON_LITERAL_NULL_CONVERSION = YES;
				CLANG_WARN_OBJC_IMPLICIT_RETAIN_SELF = YES;
				CLANG_WARN_OBJC_LITERAL_CONVERSION = YES;
				CLANG_WARN_OBJC_ROOT_CLASS = YES_ERROR;
				CLANG_WARN_QUOTED_INCLUDE_IN_FRAMEWORK_HEADER = YES;
				CLANG_WARN_RANGE_LOOP_ANALYSIS = YES;
				CLANG_WARN_STRICT_PROTOTYPES = YES;
				CLANG_WARN_SUSPICIOUS_MOVE = YES;
				CLANG_WARN_UNGUARDED_AVAILABILITY = YES_AGGRESSIVE;
				CLANG_WARN_UNREACHABLE_CODE = YES;
				CLANG_WARN__DUPLICATE_METHOD_MATCH = YES;
				COPY_PHASE_STRIP = NO;
				DEBUG_INFORMATION_FORMAT = "dwarf-with-dsym";
				ENABLE_NS_ASSERTIONS = NO;
				ENABLE_STRICT_OBJC_MSGSEND = YES;
				GCC_C_LANGUAGE_STANDARD = gnu11;
				GCC_NO_COMMON_BLOCKS = YES;
				GCC_WARN_64_TO_32_BIT_CONVERSION = YES;
				GCC_WARN_ABOUT_RETURN_TYPE = YES_ERROR;
				GCC_WARN_UNDECLARED_SELECTOR = YES;
				GCC_WARN_UNINITIALIZED_AUTOS = YES_AGGRESSIVE;
				GCC_WARN_UNUSED_FUNCTION = YES;
				GCC_WARN_UNUSED_VARIABLE = YES;
				IPHONEOS_DEPLOYMENT_TARGET = 14.5;
				MTL_ENABLE_DEBUG_INFO = NO;
				MTL_FAST_MATH = YES;
				SDKROOT = iphoneos;
				SWIFT_COMPILATION_MODE = wholemodule;
				SWIFT_OPTIMIZATION_LEVEL = "-O";
				VALIDATE_PRODUCT = YES;
			};
			name = Release;
		};
		BBD838722A9C3693002E58A7 /* Debug */ = {
			isa = XCBuildConfiguration;
			buildSettings = {
				ASSETCATALOG_COMPILER_APPICON_NAME = AppIcon;
				ASSETCATALOG_COMPILER_GLOBAL_ACCENT_COLOR_NAME = AccentColor;
				CODE_SIGN_STYLE = Automatic;
				INFOPLIST_FILE = GCD_homework/Info.plist;
				LD_RUNPATH_SEARCH_PATHS = (
					"$(inherited)",
					"@executable_path/Frameworks",
				);
				PRODUCT_BUNDLE_IDENTIFIER = "com.sun.GCD-homework";
				PRODUCT_NAME = "$(TARGET_NAME)";
				SWIFT_VERSION = 5.0;
				TARGETED_DEVICE_FAMILY = "1,2";
			};
			name = Debug;
		};
		BBD838732A9C3693002E58A7 /* Release */ = {
			isa = XCBuildConfiguration;
			buildSettings = {
				ASSETCATALOG_COMPILER_APPICON_NAME = AppIcon;
				ASSETCATALOG_COMPILER_GLOBAL_ACCENT_COLOR_NAME = AccentColor;
				CODE_SIGN_STYLE = Automatic;
				INFOPLIST_FILE = GCD_homework/Info.plist;
				LD_RUNPATH_SEARCH_PATHS = (
					"$(inherited)",
					"@executable_path/Frameworks",
				);
				PRODUCT_BUNDLE_IDENTIFIER = "com.sun.GCD-homework";
				PRODUCT_NAME = "$(TARGET_NAME)";
				SWIFT_VERSION = 5.0;
				TARGETED_DEVICE_FAMILY = "1,2";
			};
			name = Release;
		};
/* End XCBuildConfiguration section */

/* Begin XCConfigurationList section */
		BBD838582A9C368F002E58A7 /* Build configuration list for PBXProject "GCD_homework" */ = {
			isa = XCConfigurationList;
			buildConfigurations = (
				BBD8386F2A9C3693002E58A7 /* Debug */,
				BBD838702A9C3693002E58A7 /* Release */,
			);
			defaultConfigurationIsVisible = 0;
			defaultConfigurationName = Release;
		};
		BBD838712A9C3693002E58A7 /* Build configuration list for PBXNativeTarget "GCD_homework" */ = {
			isa = XCConfigurationList;
			buildConfigurations = (
				BBD838722A9C3693002E58A7 /* Debug */,
				BBD838732A9C3693002E58A7 /* Release */,
			);
			defaultConfigurationIsVisible = 0;
			defaultConfigurationName = Release;
		};
/* End XCConfigurationList section */
	};
	rootObject = BBD838552A9C368F002E58A7 /* Project object */;
}
